
Microsoft Visual Studio Solution File, Format Version 12.00
# Visual Studio Version 16
VisualStudioVersion = 16.0.33027.164
MinimumVisualStudioVersion = 10.0.40219.1
Project("{FAE04EC0-301F-11D3-BF4B-00C04F79EFBC}") = "Login Page", "Login Page.csproj", "{3950B565-A5D5-42A4-A0D5-3739E8789522}"
EndProject
Global
	GlobalSection(SolutionConfigurationPlatforms) = preSolution
		Debug|Any CPU = Debug|Any CPU
		Release|Any CPU = Release|Any CPU
	EndGlobalSection
	GlobalSection(ProjectConfigurationPlatforms) = postSolution
		{3950B565-A5D5-42A4-A0D5-3739E8789522}.Debug|Any CPU.ActiveCfg = Debug|Any CPU
		{3950B565-A5D5-42A4-A0D5-3739E8789522}.Debug|Any CPU.Build.0 = Debug|Any CPU
		{3950B565-A5D5-42A4-A0D5-3739E8789522}.Release|Any CPU.ActiveCfg = Release|Any CPU
		{3950B565-A5D5-42A4-A0D5-3739E8789522}.Release|Any CPU.Build.0 = Release|Any CPU
	EndGlobalSection
	GlobalSection(SolutionProperties) = preSolution
		HideSolutionNode = FALSE
	EndGlobalSection
	GlobalSection(ExtensibilityGlobals) = postSolution
		SolutionGuid = {BA30BBA9-93AB-413B-A536-4099EDD611D7}
	EndGlobalSection
EndGlobal
